lockfileVersion: '9.0'

settings:
  autoInstallPeers: true
  excludeLinksFromLockfile: false

importers:

  .:
    dependencies:
      nodejs:
        specifier: ^0.0.0
        version: 0.0.0

packages:

  nodejs@0.0.0:
    resolution: {integrity: sha512-1V+0HwaB/dhxzidEFc4uJ3k52gLI4B6YBZgJIofjwYCSAkD6CI0me6TDBT2QM2nbGWNxCHcq9/wVynzQYZOhUg==}

snapshots:

  nodejs@0.0.0: {}
